
Microsoft Visual Studio Solution File, Format Version 12.00
# Visual Studio Version 17
VisualStudioVersion = 17.1.32328.378
MinimumVisualStudioVersion = 10.0.40219.1
Project("{FAE04EC0-301F-11D3-BF4B-00C04F79EFBC}") = "WebCompilerServer", "WebCompilerServer\WebCompilerServer.csproj", "{4DFAE52C-525E-47B9-B777-495104687E06}"
EndProject
Global
	GlobalSection(SolutionConfigurationPlatforms) = preSolution
		Debug|Any CPU = Debug|Any CPU
		Release|Any CPU = Release|Any CPU
	EndGlobalSection
	GlobalSection(ProjectConfigurationPlatforms) = postSolution
		{4DFAE52C-525E-47B9-B777-495104687E06}.Debug|Any CPU.ActiveCfg = Debug|Any CPU
		{4DFAE52C-525E-47B9-B777-495104687E06}.Debug|Any CPU.Build.0 = Debug|Any CPU
		{4DFAE52C-525E-47B9-B777-495104687E06}.Release|Any CPU.ActiveCfg = Release|Any CPU
		{4DFAE52C-525E-47B9-B777-495104687E06}.Release|Any CPU.Build.0 = Release|Any CPU
	EndGlobalSection
	GlobalSection(SolutionProperties) = preSolution
		HideSolutionNode = FALSE
	EndGlobalSection
	GlobalSection(ExtensibilityGlobals) = postSolution
		SolutionGuid = {084BF36E-1613-4830-A47F-802E1B92109C}
	EndGlobalSection
EndGlobal
